
Microsoft Visual Studio Solution File, Format Version 12.00
# Visual Studio Version 17
VisualStudioVersion = 17.14.37628.2 d17.14
MinimumVisualStudioVersion = 10.0.40219.1
Project("{FAE04EC0-301F-11D3-BF4B-00C04F79EFBC}") = "E-commerce website", "E-commerce website.csproj", "{900D31C8-5FD9-4525-8772-A49F0B424D85}"
EndProject
Global
	GlobalSection(SolutionConfigurationPlatforms) = preSolution
		Debug|Any CPU = Debug|Any CPU
		Release|Any CPU = Release|Any CPU
	EndGlobalSection
	GlobalSection(ProjectConfigurationPlatforms) = postSolution
		{900D31C8-5FD9-4525-8772-A49F0B424D85}.Debug|Any CPU.ActiveCfg = Debug|Any CPU
		{900D31C8-5FD9-4525-8772-A49F0B424D85}.Debug|Any CPU.Build.0 = Debug|Any CPU
		{900D31C8-5FD9-4525-8772-A49F0B424D85}.Release|Any CPU.ActiveCfg = Release|Any CPU
		{900D31C8-5FD9-4525-8772-A49F0B424D85}.Release|Any CPU.Build.0 = Release|Any CPU
	EndGlobalSection
	GlobalSection(SolutionProperties) = preSolution
		HideSolutionNode = FALSE
	EndGlobalSection
	GlobalSection(ExtensibilityGlobals) = postSolution
		SolutionGuid = {FCE43724-E677-475C-8CB3-03682A5B71A6}
	EndGlobalSection
EndGlobal
